
Microsoft Visual Studio Solution File, Format Version 12.00
# Visual Studio 15
VisualStudioVersion = 15.0.28307.1500
MinimumVisualStudioVersion = 10.0.40219.1
Project("{FAE04EC0-301F-11D3-BF4B-00C04F79EFBC}") = "Observer_A", "Observer_A\Observer_A.csproj", "{3C5FBD26-2675-4E43-87CD-806FF4D575A4}"
EndProject
Global
	GlobalSection(SolutionConfigurationPlatforms) = preSolution
		Debug|Any CPU = Debug|Any CPU
		Release|Any CPU = Release|Any CPU
	EndGlobalSection
	GlobalSection(ProjectConfigurationPlatforms) = postSolution
		{3C5FBD26-2675-4E43-87CD-806FF4D575A4}.Debug|Any CPU.ActiveCfg = Debug|Any CPU
		{3C5FBD26-2675-4E43-87CD-806FF4D575A4}.Debug|Any CPU.Build.0 = Debug|Any CPU
		{3C5FBD26-2675-4E43-87CD-806FF4D575A4}.Release|Any CPU.ActiveCfg = Release|Any CPU
		{3C5FBD26-2675-4E43-87CD-806FF4D575A4}.Release|Any CPU.Build.0 = Release|Any CPU
	EndGlobalSection
	GlobalSection(SolutionProperties) = preSolution
		HideSolutionNode = FALSE
	EndGlobalSection
	GlobalSection(ExtensibilityGlobals) = postSolution
		SolutionGuid = {593EBC27-D121-4F38-B59D-F5D040B0C96C}
	EndGlobalSection
EndGlobal
